
Microsoft Visual Studio Solution File, Format Version 12.00
# Visual Studio Version 17
VisualStudioVersion = 17.3.32929.385
MinimumVisualStudioVersion = 10.0.40219.1
Project("{FAE04EC0-301F-11D3-BF4B-00C04F79EFBC}") = "kizaru32", "kizaru32\kizaru32.csproj", "{BDD0E318-A47A-4811-B1B8-7D85E75B3F74}"
EndProject
Global
	GlobalSection(SolutionConfigurationPlatforms) = preSolution
		Debug|Any CPU = Debug|Any CPU
		Release|Any CPU = Release|Any CPU
	EndGlobalSection
	GlobalSection(ProjectConfigurationPlatforms) = postSolution
		{BDD0E318-A47A-4811-B1B8-7D85E75B3F74}.Debug|Any CPU.ActiveCfg = Debug|Any CPU
		{BDD0E318-A47A-4811-B1B8-7D85E75B3F74}.Debug|Any CPU.Build.0 = Debug|Any CPU
		{BDD0E318-A47A-4811-B1B8-7D85E75B3F74}.Release|Any CPU.ActiveCfg = Release|Any CPU
		{BDD0E318-A47A-4811-B1B8-7D85E75B3F74}.Release|Any CPU.Build.0 = Release|Any CPU
	EndGlobalSection
	GlobalSection(SolutionProperties) = preSolution
		HideSolutionNode = FALSE
	EndGlobalSection
	GlobalSection(ExtensibilityGlobals) = postSolution
		SolutionGuid = {E34DA820-3E5B-459E-B32A-BE170067C00D}
	EndGlobalSection
EndGlobal
